// !$*UTF8*$!
{
	archiveVersion = 1;
	classes = {
	};
	objectVersion = 55;
	objects = {

/* Begin PBXBuildFile section */
		85115E02285F4D4E003805C4 /* DataDisplay.swift in Sources */ = {isa = PBXBuildFile; fileRef = 85115E01285F4D4E003805C4 /* DataDisplay.swift */; };
		8582B385285B61E7000D3E37 /* AppDelegate.swift in Sources */ = {isa = PBXBuildFile; fileRef = 8582B384285B61E7000D3E37 /* AppDelegate.swift */; };
		8582B387285B61E7000D3E37 /* SceneDelegate.swift in Sources */ = {isa = PBXBuildFile; fileRef = 8582B386285B61E7000D3E37 /* SceneDelegate.swift */; };
		8582B389285B61E7000D3E37 /* ViewController.swift in Sources */ = {isa = PBXBuildFile; fileRef = 8582B388285B61E7000D3E37 /* ViewController.swift */; };
		8582B38C285B61E7000D3E37 /* Main.storyboard in Resources */ = {isa = PBXBuildFile; fileRef = 8582B38A285B61E7000D3E37 /* Main.storyboard */; };
		8582B38E285B61E7000D3E37 /* Assets.xcassets in Resources */ = {isa = PBXBuildFile; fileRef = 8582B38D285B61E7000D3E37 /* Assets.xcassets */; };
		8582B391285B61E7000D3E37 /* LaunchScreen.storyboard in Resources */ = {isa = PBXBuildFile; fileRef = 8582B38F285B61E7000D3E37 /* LaunchScreen.storyboard */; };
		8582B39C285B61E8000D3E37 /* WireframeModelTests.swift in Sources */ = {isa = PBXBuildFile; fileRef = 8582B39B285B61E8000D3E37 /* WireframeModelTests.swift */; };
		8582B3A6285B61E8000D3E37 /* WireframeModelUITests.swift in Sources */ = {isa = PBXBuildFile; fileRef = 8582B3A5285B61E8000D3E37 /* WireframeModelUITests.swift */; };
		8582B3A8285B61E8000D3E37 /* WireframeModelUITestsLaunchTests.swift in Sources */ = {isa = PBXBuildFile; fileRef = 8582B3A7285B61E8000D3E37 /* WireframeModelUITestsLaunchTests.swift */; };
		8582B3B5285B62DC000D3E37 /* ClassMap.swift in Sources */ = {isa = PBXBuildFile; fileRef = 8582B3B4285B62DC000D3E37 /* ClassMap.swift */; };
		8582B3B7285B654A000D3E37 /* ParseMap.swift in Sources */ = {isa = PBXBuildFile; fileRef = 8582B3B6285B654A000D3E37 /* ParseMap.swift */; };
		8582B3BA285B6BA2000D3E37 /* ParseMapTests.swift in Sources */ = {isa = PBXBuildFile; fileRef = 8582B3B9285B6BA2000D3E37 /* ParseMapTests.swift */; };
		8582B3BB285BA25C000D3E37 /* Hemisphere.txt in Resources */ = {isa = PBXBuildFile; fileRef = 8582B3B8285B65D8000D3E37 /* Hemisphere.txt */; };
		8582B3BE285BB0A7000D3E37 /* FileEmpty.txt in Resources */ = {isa = PBXBuildFile; fileRef = 8582B3BD285BB0A7000D3E37 /* FileEmpty.txt */; };
		8582B3C0285BB26E000D3E37 /* FileEmpty.txt in Resources */ = {isa = PBXBuildFile; fileRef = 8582B3BD285BB0A7000D3E37 /* FileEmpty.txt */; };
		8582B3C2285BB787000D3E37 /* OnlySpaces.txt in Resources */ = {isa = PBXBuildFile; fileRef = 8582B3C1285BB787000D3E37 /* OnlySpaces.txt */; };
		8582B3C3285BB787000D3E37 /* OnlySpaces.txt in Resources */ = {isa = PBXBuildFile; fileRef = 8582B3C1285BB787000D3E37 /* OnlySpaces.txt */; };
		8582B3C4285BB787000D3E37 /* OnlySpaces.txt in Resources */ = {isa = PBXBuildFile; fileRef = 8582B3C1285BB787000D3E37 /* OnlySpaces.txt */; };
		8582B3C6285BBB35000D3E37 /* InvalidPoint.txt in Resources */ = {isa = PBXBuildFile; fileRef = 8582B3C5285BBB35000D3E37 /* InvalidPoint.txt */; };
		8582B3C7285BBB35000D3E37 /* InvalidPoint.txt in Resources */ = {isa = PBXBuildFile; fileRef = 8582B3C5285BBB35000D3E37 /* InvalidPoint.txt */; };
		8582B3C8285BBB35000D3E37 /* InvalidPoint.txt in Resources */ = {isa = PBXBuildFile; fileRef = 8582B3C5285BBB35000D3E37 /* InvalidPoint.txt */; };
		8582B3CA285BC32C000D3E37 /* Plane.txt in Resources */ = {isa = PBXBuildFile; fileRef = 8582B3C9285BC32C000D3E37 /* Plane.txt */; };
		8582B3CB285BC32C000D3E37 /* Plane.txt in Resources */ = {isa = PBXBuildFile; fileRef = 8582B3C9285BC32C000D3E37 /* Plane.txt */; };
		8582B3CC285BC32C000D3E37 /* Plane.txt in Resources */ = {isa = PBXBuildFile; fileRef = 8582B3C9285BC32C000D3E37 /* Plane.txt */; };
		8582B3D6285BC749000D3E37 /* Tetrahedron.txt in Resources */ = {isa = PBXBuildFile; fileRef = 8582B3D5285BC749000D3E37 /* Tetrahedron.txt */; };
		8582B3D7285BC749000D3E37 /* Tetrahedron.txt in Resources */ = {isa = PBXBuildFile; fileRef = 8582B3D5285BC749000D3E37 /* Tetrahedron.txt */; };
		8582B3D8285BC749000D3E37 /* Tetrahedron.txt in Resources */ = {isa = PBXBuildFile; fileRef = 8582B3D5285BC749000D3E37 /* Tetrahedron.txt */; };
		8582B3DA285BD34A000D3E37 /* InvalidPlane.txt in Resources */ = {isa = PBXBuildFile; fileRef = 8582B3D9285BD34A000D3E37 /* InvalidPlane.txt */; };
		8582B3DB285BD34A000D3E37 /* InvalidPlane.txt in Resources */ = {isa = PBXBuildFile; fileRef = 8582B3D9285BD34A000D3E37 /* InvalidPlane.txt */; };
		8582B3DC285BD34A000D3E37 /* InvalidPlane.txt in Resources */ = {isa = PBXBuildFile; fileRef = 8582B3D9285BD34A000D3E37 /* InvalidPlane.txt */; };
		8582B3DE285BDB71000D3E37 /* InvalidMap.txt in Resources */ = {isa = PBXBuildFile; fileRef = 8582B3DD285BDB71000D3E37 /* InvalidMap.txt */; };
		8582B3DF285BDB71000D3E37 /* InvalidMap.txt in Resources */ = {isa = PBXBuildFile; fileRef = 8582B3DD285BDB71000D3E37 /* InvalidMap.txt */; };
		8582B3E0285BDB71000D3E37 /* InvalidMap.txt in Resources */ = {isa = PBXBuildFile; fileRef = 8582B3DD285BDB71000D3E37 /* InvalidMap.txt */; };
		8582B3E2285BDD30000D3E37 /* Box.txt in Resources */ = {isa = PBXBuildFile; fileRef = 8582B3E1285BDD30000D3E37 /* Box.txt */; };
		8582B3E3285BDD30000D3E37 /* Box.txt in Resources */ = {isa = PBXBuildFile; fileRef = 8582B3E1285BDD30000D3E37 /* Box.txt */; };
		8582B3E4285BDD30000D3E37 /* Box.txt in Resources */ = {isa = PBXBuildFile; fileRef = 8582B3E1285BDD30000D3E37 /* Box.txt */; };
		8582B3E6285BE85D000D3E37 /* PrintMap.swift in Sources */ = {isa = PBXBuildFile; fileRef = 8582B3E5285BE85D000D3E37 /* PrintMap.swift */; };
		8582B3E8285BEC05000D3E37 /* InvalidNotRectMap.txt in Resources */ = {isa = PBXBuildFile; fileRef = 8582B3E7285BEC05000D3E37 /* InvalidNotRectMap.txt */; };
		8582B3E9285BEC05000D3E37 /* InvalidNotRectMap.txt in Resources */ = {isa = PBXBuildFile; fileRef = 8582B3E7285BEC05000D3E37 /* InvalidNotRectMap.txt */; };
		8582B3EA285BEC05000D3E37 /* InvalidNotRectMap.txt in Resources */ = {isa = PBXBuildFile; fileRef = 8582B3E7285BEC05000D3E37 /* InvalidNotRectMap.txt */; };
		8582B3EC285BEF5C000D3E37 /* CheckMap.swift in Sources */ = {isa = PBXBuildFile; fileRef = 8582B3EB285BEF5C000D3E37 /* CheckMap.swift */; };
		85B8BE4A285E311C006163FF /* StructScene.swift in Sources */ = {isa = PBXBuildFile; fileRef = 85B8BE49285E311C006163FF /* StructScene.swift */; };
		85B8BE4C285E3A27006163FF /* UICanvasView.swift in Sources */ = {isa = PBXBuildFile; fileRef = 85B8BE4B285E3A27006163FF /* UICanvasView.swift */; };
		85B8BE4E285F31B1006163FF /* GestureControl.swift in Sources */ = {isa = PBXBuildFile; fileRef = 85B8BE4D285F31B1006163FF /* GestureControl.swift */; };
		85C761F1285D2E40001AF643 /* StructMatrix.swift in Sources */ = {isa = PBXBuildFile; fileRef = 85C761F0285D2E40001AF643 /* StructMatrix.swift */; };
		85E80DC0285E06DC00A9FAAC /* StructMatrixTests.swift in Sources */ = {isa = PBXBuildFile; fileRef = 85E80DBF285E06DC00A9FAAC /* StructMatrixTests.swift */; };
/* End PBXBuildFile section */

/* Begin PBXContainerItemProxy section */
		8582B398285B61E8000D3E37 /* PBXContainerItemProxy */ = {
			isa = PBXContainerItemProxy;
			containerPortal = 8582B379285B61E7000D3E37 /* Project object */;
			proxyType = 1;
			remoteGlobalIDString = 8582B380285B61E7000D3E37;
			remoteInfo = WireframeModel;
		};
		8582B3A2285B61E8000D3E37 /* PBXContainerItemProxy */ = {
			isa = PBXContainerItemProxy;
			containerPortal = 8582B379285B61E7000D3E37 /* Project object */;
			proxyType = 1;
			remoteGlobalIDString = 8582B380285B61E7000D3E37;
			remoteInfo = WireframeModel;
		};
/* End PBXContainerItemProxy section */

/* Begin PBXFileReference section */
		85115E01285F4D4E003805C4 /* DataDisplay.swift */ = {isa = PBXFileReference; lastKnownFileType = sourcecode.swift; path = DataDisplay.swift; sourceTree = SOURCE_ROOT; };
		8582B381285B61E7000D3E37 /* WireframeModel.app */ = {isa = PBXFileReference; explicitFileType = wrapper.application; includeInIndex = 0; path = WireframeModel.app; sourceTree = BUILT_PRODUCTS_DIR; };
		8582B384285B61E7000D3E37 /* AppDelegate.swift */ = {isa = PBXFileReference; lastKnownFileType = sourcecode.swift; path = AppDelegate.swift; sourceTree = "<group>"; };
		8582B386285B61E7000D3E37 /* SceneDelegate.swift */ = {isa = PBXFileReference; lastKnownFileType = sourcecode.swift; path = SceneDelegate.swift; sourceTree = "<group>"; };
		8582B388285B61E7000D3E37 /* ViewController.swift */ = {isa = PBXFileReference; lastKnownFileType = sourcecode.swift; path = ViewController.swift; sourceTree = "<group>"; };
		8582B38B285B61E7000D3E37 /* Base */ = {isa = PBXFileReference; lastKnownFileType = file.storyboard; name = Base; path = Base.lproj/Main.storyboard; sourceTree = "<group>"; };
		8582B38D285B61E7000D3E37 /* Assets.xcassets */ = {isa = PBXFileReference; lastKnownFileType = folder.assetcatalog; path = Assets.xcassets; sourceTree = "<group>"; };
		8582B390285B61E7000D3E37 /* Base */ = {isa = PBXFileReference; lastKnownFileType = file.storyboard; name = Base; path = Base.lproj/LaunchScreen.storyboard; sourceTree = "<group>"; };
		8582B392285B61E7000D3E37 /* Info.plist */ = {isa = PBXFileReference; lastKnownFileType = text.plist.xml; path = Info.plist; sourceTree = "<group>"; };
		8582B397285B61E8000D3E37 /* WireframeModelTests.xctest */ = {isa = PBXFileReference; explicitFileType = wrapper.cfbundle; includeInIndex = 0; path = WireframeModelTests.xctest; sourceTree = BUILT_PRODUCTS_DIR; };
		8582B39B285B61E8000D3E37 /* WireframeModelTests.swift */ = {isa = PBXFileReference; lastKnownFileType = sourcecode.swift; path = WireframeModelTests.swift; sourceTree = "<group>"; };
		8582B3A1285B61E8000D3E37 /* WireframeModelUITests.xctest */ = {isa = PBXFileReference; explicitFileType = wrapper.cfbundle; includeInIndex = 0; path = WireframeModelUITests.xctest; sourceTree = BUILT_PRODUCTS_DIR; };
		8582B3A5285B61E8000D3E37 /* WireframeModelUITests.swift */ = {isa = PBXFileReference; lastKnownFileType = sourcecode.swift; path = WireframeModelUITests.swift; sourceTree = "<group>"; };
		8582B3A7285B61E8000D3E37 /* WireframeModelUITestsLaunchTests.swift */ = {isa = PBXFileReference; lastKnownFileType = sourcecode.swift; path = WireframeModelUITestsLaunchTests.swift; sourceTree = "<group>"; };
		8582B3B4285B62DC000D3E37 /* ClassMap.swift */ = {isa = PBXFileReference; lastKnownFileType = sourcecode.swift; path = ClassMap.swift; sourceTree = "<group>"; };
		8582B3B6285B654A000D3E37 /* ParseMap.swift */ = {isa = PBXFileReference; lastKnownFileType = sourcecode.swift; path = ParseMap.swift; sourceTree = SOURCE_ROOT; };
		8582B3B8285B65D8000D3E37 /* Hemisphere.txt */ = {isa = PBXFileReference; lastKnownFileType = text; name = Hemisphere.txt; path = Maps/Hemisphere.txt; sourceTree = SOURCE_ROOT; };
		8582B3B9285B6BA2000D3E37 /* ParseMapTests.swift */ = {isa = PBXFileReference; lastKnownFileType = sourcecode.swift; path = ParseMapTests.swift; sourceTree = SOURCE_ROOT; };
		8582B3BD285BB0A7000D3E37 /* FileEmpty.txt */ = {isa = PBXFileReference; lastKnownFileType = text; path = FileEmpty.txt; sourceTree = "<group>"; };
		8582B3C1285BB787000D3E37 /* OnlySpaces.txt */ = {isa = PBXFileReference; lastKnownFileType = text; path = OnlySpaces.txt; sourceTree = "<group>"; };
		8582B3C5285BBB35000D3E37 /* InvalidPoint.txt */ = {isa = PBXFileReference; lastKnownFileType = text; path = InvalidPoint.txt; sourceTree = "<group>"; };
		8582B3C9285BC32C000D3E37 /* Plane.txt */ = {isa = PBXFileReference; lastKnownFileType = text; path = Plane.txt; sourceTree = "<group>"; };
		8582B3D5285BC749000D3E37 /* Tetrahedron.txt */ = {isa = PBXFileReference; lastKnownFileType = text; path = Tetrahedron.txt; sourceTree = "<group>"; };
		8582B3D9285BD34A000D3E37 /* InvalidPlane.txt */ = {isa = PBXFileReference; lastKnownFileType = text; path = InvalidPlane.txt; sourceTree = "<group>"; };
		8582B3DD285BDB71000D3E37 /* InvalidMap.txt */ = {isa = PBXFileReference; lastKnownFileType = text; path = InvalidMap.txt; sourceTree = SOURCE_ROOT; };
		8582B3E1285BDD30000D3E37 /* Box.txt */ = {isa = PBXFileReference; lastKnownFileType = text; path = Box.txt; sourceTree = "<group>"; };
		8582B3E5285BE85D000D3E37 /* PrintMap.swift */ = {isa = PBXFileReference; lastKnownFileType = sourcecode.swift; path = PrintMap.swift; sourceTree = SOURCE_ROOT; };
		8582B3E7285BEC05000D3E37 /* InvalidNotRectMap.txt */ = {isa = PBXFileReference; lastKnownFileType = text; path = InvalidNotRectMap.txt; sourceTree = SOURCE_ROOT; };
		8582B3EB285BEF5C000D3E37 /* CheckMap.swift */ = {isa = PBXFileReference; lastKnownFileType = sourcecode.swift; path = CheckMap.swift; sourceTree = SOURCE_ROOT; };
		85B8BE49285E311C006163FF /* StructScene.swift */ = {isa = PBXFileReference; lastKnownFileType = sourcecode.swift; path = StructScene.swift; sourceTree = SOURCE_ROOT; };
		85B8BE4B285E3A27006163FF /* UICanvasView.swift */ = {isa = PBXFileReference; lastKnownFileType = sourcecode.swift; path = UICanvasView.swift; sourceTree = SOURCE_ROOT; };
		85B8BE4D285F31B1006163FF /* GestureControl.swift */ = {isa = PBXFileReference; lastKnownFileType = sourcecode.swift; path = GestureControl.swift; sourceTree = SOURCE_ROOT; };
		85C761F0285D2E40001AF643 /* StructMatrix.swift */ = {isa = PBXFileReference; lastKnownFileType = sourcecode.swift; path = StructMatrix.swift; sourceTree = "<group>"; };
		85E80DBF285E06DC00A9FAAC /* StructMatrixTests.swift */ = {isa = PBXFileReference; lastKnownFileType = sourcecode.swift; path = StructMatrixTests.swift; sourceTree = SOURCE_ROOT; };
/* End PBXFileReference section */

/* Begin PBXFrameworksBuildPhase section */
		8582B37E285B61E7000D3E37 /* Frameworks */ = {
			isa = PBXFrameworksBuildPhase;
			buildActionMask = 2147483647;
			files = (
			);
			runOnlyForDeploymentPostprocessing = 0;
		};
		8582B394285B61E8000D3E37 /* Frameworks */ = {
			isa = PBXFrameworksBuildPhase;
			buildActionMask = 2147483647;
			files = (
			);
			runOnlyForDeploymentPostprocessing = 0;
		};
		8582B39E285B61E8000D3E37 /* Frameworks */ = {
			isa = PBXFrameworksBuildPhase;
			buildActionMask = 2147483647;
			files = (
			);
			runOnlyForDeploymentPostprocessing = 0;
		};
/* End PBXFrameworksBuildPhase section */

/* Begin PBXGroup section */
		8582B378285B61E7000D3E37 = {
			isa = PBXGroup;
			children = (
				8582B3BF285BB0AB000D3E37 /* MapsTests */,
				8582B3BC285BA2B8000D3E37 /* Maps */,
				8582B383285B61E7000D3E37 /* WireframeModel */,
				8582B39A285B61E8000D3E37 /* WireframeModelTests */,
				8582B3A4285B61E8000D3E37 /* WireframeModelUITests */,
				8582B382285B61E7000D3E37 /* Products */,
			);
			sourceTree = "<group>";
		};
		8582B382285B61E7000D3E37 /* Products */ = {
			isa = PBXGroup;
			children = (
				8582B381285B61E7000D3E37 /* WireframeModel.app */,
				8582B397285B61E8000D3E37 /* WireframeModelTests.xctest */,
				8582B3A1285B61E8000D3E37 /* WireframeModelUITests.xctest */,
			);
			name = Products;
			sourceTree = "<group>";
		};
		8582B383285B61E7000D3E37 /* WireframeModel */ = {
			isa = PBXGroup;
			children = (
				85115E01285F4D4E003805C4 /* DataDisplay.swift */,
				85B8BE4D285F31B1006163FF /* GestureControl.swift */,
				85B8BE4B285E3A27006163FF /* UICanvasView.swift */,
				85B8BE49285E311C006163FF /* StructScene.swift */,
				85C761F0285D2E40001AF643 /* StructMatrix.swift */,
				8582B3EB285BEF5C000D3E37 /* CheckMap.swift */,
				8582B3E5285BE85D000D3E37 /* PrintMap.swift */,
				8582B3B6285B654A000D3E37 /* ParseMap.swift */,
				8582B3B4285B62DC000D3E37 /* ClassMap.swift */,
				8582B384285B61E7000D3E37 /* AppDelegate.swift */,
				8582B386285B61E7000D3E37 /* SceneDelegate.swift */,
				8582B388285B61E7000D3E37 /* ViewController.swift */,
				8582B38A285B61E7000D3E37 /* Main.storyboard */,
				8582B38D285B61E7000D3E37 /* Assets.xcassets */,
				8582B38F285B61E7000D3E37 /* LaunchScreen.storyboard */,
				8582B392285B61E7000D3E37 /* Info.plist */,
			);
			path = WireframeModel;
			sourceTree = "<group>";
		};
		8582B39A285B61E8000D3E37 /* WireframeModelTests */ = {
			isa = PBXGroup;
			children = (
				85E80DBF285E06DC00A9FAAC /* StructMatrixTests.swift */,
				8582B3B9285B6BA2000D3E37 /* ParseMapTests.swift */,
				8582B39B285B61E8000D3E37 /* WireframeModelTests.swift */,
			);
			path = WireframeModelTests;
			sourceTree = "<group>";
		};
		8582B3A4285B61E8000D3E37 /* WireframeModelUITests */ = {
			isa = PBXGroup;
			children = (
				8582B3A5285B61E8000D3E37 /* WireframeModelUITests.swift */,
				8582B3A7285B61E8000D3E37 /* WireframeModelUITestsLaunchTests.swift */,
			);
			path = WireframeModelUITests;
			sourceTree = "<group>";
		};
		8582B3BC285BA2B8000D3E37 /* Maps */ = {
			isa = PBXGroup;
			children = (
				8582B3C9285BC32C000D3E37 /* Plane.txt */,
				8582B3D5285BC749000D3E37 /* Tetrahedron.txt */,
				8582B3B8285B65D8000D3E37 /* Hemisphere.txt */,
				8582B3E1285BDD30000D3E37 /* Box.txt */,
			);
			path = Maps;
			sourceTree = "<group>";
		};
		8582B3BF285BB0AB000D3E37 /* MapsTests */ = {
			isa = PBXGroup;
			children = (
				8582B3E7285BEC05000D3E37 /* InvalidNotRectMap.txt */,
				8582B3DD285BDB71000D3E37 /* InvalidMap.txt */,
				8582B3C5285BBB35000D3E37 /* InvalidPoint.txt */,
				8582B3BD285BB0A7000D3E37 /* FileEmpty.txt */,
				8582B3C1285BB787000D3E37 /* OnlySpaces.txt */,
				8582B3D9285BD34A000D3E37 /* InvalidPlane.txt */,
			);
			path = MapsTests;
			sourceTree = "<group>";
		};
/* End PBXGroup section */

/* Begin PBXNativeTarget section */
		8582B380285B61E7000D3E37 /* WireframeModel */ = {
			isa = PBXNativeTarget;
			buildConfigurationList = 8582B3AB285B61E8000D3E37 /* Build configuration list for PBXNativeTarget "WireframeModel" */;
			buildPhases = (
				8582B37D285B61E7000D3E37 /* Sources */,
				8582B37E285B61E7000D3E37 /* Frameworks */,
				8582B37F285B61E7000D3E37 /* Resources */,
			);
			buildRules = (
			);
			dependencies = (
			);
			name = WireframeModel;
			productName = WireframeModel;
			productReference = 8582B381285B61E7000D3E37 /* WireframeModel.app */;
			productType = "com.apple.product-type.application";
		};
		8582B396285B61E8000D3E37 /* WireframeModelTests */ = {
			isa = PBXNativeTarget;
			buildConfigurationList = 8582B3AE285B61E8000D3E37 /* Build configuration list for PBXNativeTarget "WireframeModelTests" */;
			buildPhases = (
				8582B393285B61E8000D3E37 /* Sources */,
				8582B394285B61E8000D3E37 /* Frameworks */,
				8582B395285B61E8000D3E37 /* Resources */,
			);
			buildRules = (
			);
			dependencies = (
				8582B399285B61E8000D3E37 /* PBXTargetDependency */,
			);
			name = WireframeModelTests;
			productName = WireframeModelTests;
			productReference = 8582B397285B61E8000D3E37 /* WireframeModelTests.xctest */;
			productType = "com.apple.product-type.bundle.unit-test";
		};
		8582B3A0285B61E8000D3E37 /* WireframeModelUITests */ = {
			isa = PBXNativeTarget;
			buildConfigurationList = 8582B3B1285B61E8000D3E37 /* Build configuration list for PBXNativeTarget "WireframeModelUITests" */;
			buildPhases = (
				8582B39D285B61E8000D3E37 /* Sources */,
				8582B39E285B61E8000D3E37 /* Frameworks */,
				8582B39F285B61E8000D3E37 /* Resources */,
			);
			buildRules = (
			);
			dependencies = (
				8582B3A3285B61E8000D3E37 /* PBXTargetDependency */,
			);
			name = WireframeModelUITests;
			productName = WireframeModelUITests;
			productReference = 8582B3A1285B61E8000D3E37 /* WireframeModelUITests.xctest */;
			productType = "com.apple.product-type.bundle.ui-testing";
		};
/* End PBXNativeTarget section */

/* Begin PBXProject section */
		8582B379285B61E7000D3E37 /* Project object */ = {
			isa = PBXProject;
			attributes = {
				BuildIndependentTargetsInParallel = 1;
				LastSwiftUpdateCheck = 1330;
				LastUpgradeCheck = 1330;
				TargetAttributes = {
					8582B380285B61E7000D3E37 = {
						CreatedOnToolsVersion = 13.3;
					};
					8582B396285B61E8000D3E37 = {
						CreatedOnToolsVersion = 13.3;
						TestTargetID = 8582B380285B61E7000D3E37;
					};
					8582B3A0285B61E8000D3E37 = {
						CreatedOnToolsVersion = 13.3;
						TestTargetID = 8582B380285B61E7000D3E37;
					};
				};
			};
			buildConfigurationList = 8582B37C285B61E7000D3E37 /* Build configuration list for PBXProject "WireframeModel" */;
			compatibilityVersion = "Xcode 13.0";
			developmentRegion = en;
			hasScannedForEncodings = 0;
			knownRegions = (
				en,
				Base,
			);
			mainGroup = 8582B378285B61E7000D3E37;
			productRefGroup = 8582B382285B61E7000D3E37 /* Products */;
			projectDirPath = "";
			projectRoot = "";
			targets = (
				8582B380285B61E7000D3E37 /* WireframeModel */,
				8582B396285B61E8000D3E37 /* WireframeModelTests */,
				8582B3A0285B61E8000D3E37 /* WireframeModelUITests */,
			);
		};
/* End PBXProject section */

/* Begin PBXResourcesBuildPhase section */
		8582B37F285B61E7000D3E37 /* Resources */ = {
			isa = PBXResourcesBuildPhase;
			buildActionMask = 2147483647;
			files = (
				8582B3DA285BD34A000D3E37 /* InvalidPlane.txt in Resources */,
				8582B3CA285BC32C000D3E37 /* Plane.txt in Resources */,
				8582B3C0285BB26E000D3E37 /* FileEmpty.txt in Resources */,
				8582B3D6285BC749000D3E37 /* Tetrahedron.txt in Resources */,
				8582B3C6285BBB35000D3E37 /* InvalidPoint.txt in Resources */,
				8582B3DE285BDB71000D3E37 /* InvalidMap.txt in Resources */,
				8582B3BB285BA25C000D3E37 /* Hemisphere.txt in Resources */,
				8582B3E8285BEC05000D3E37 /* InvalidNotRectMap.txt in Resources */,
				8582B391285B61E7000D3E37 /* LaunchScreen.storyboard in Resources */,
				8582B38E285B61E7000D3E37 /* Assets.xcassets in Resources */,
				8582B3E2285BDD30000D3E37 /* Box.txt in Resources */,
				8582B38C285B61E7000D3E37 /* Main.storyboard in Resources */,
				8582B3C2285BB787000D3E37 /* OnlySpaces.txt in Resources */,
			);
			runOnlyForDeploymentPostprocessing = 0;
		};
		8582B395285B61E8000D3E37 /* Resources */ = {
			isa = PBXResourcesBuildPhase;
			buildActionMask = 2147483647;
			files = (
				8582B3E3285BDD30000D3E37 /* Box.txt in Resources */,
				8582B3CB285BC32C000D3E37 /* Plane.txt in Resources */,
				8582B3D7285BC749000D3E37 /* Tetrahedron.txt in Resources */,
				8582B3DF285BDB71000D3E37 /* InvalidMap.txt in Resources */,
				8582B3E9285BEC05000D3E37 /* InvalidNotRectMap.txt in Resources */,
				8582B3C7285BBB35000D3E37 /* InvalidPoint.txt in Resources */,
				8582B3DB285BD34A000D3E37 /* InvalidPlane.txt in Resources */,
				8582B3BE285BB0A7000D3E37 /* FileEmpty.txt in Resources */,
				8582B3C3285BB787000D3E37 /* OnlySpaces.txt in Resources */,
			);
			runOnlyForDeploymentPostprocessing = 0;
		};
		8582B39F285B61E8000D3E37 /* Resources */ = {
			isa = PBXResourcesBuildPhase;
			buildActionMask = 2147483647;
			files = (
				8582B3CC285BC32C000D3E37 /* Plane.txt in Resources */,
				8582B3E0285BDB71000D3E37 /* InvalidMap.txt in Resources */,
				8582B3DC285BD34A000D3E37 /* InvalidPlane.txt in Resources */,
				8582B3EA285BEC05000D3E37 /* InvalidNotRectMap.txt in Resources */,
				8582B3C8285BBB35000D3E37 /* InvalidPoint.txt in Resources */,
				8582B3D8285BC749000D3E37 /* Tetrahedron.txt in Resources */,
				8582B3E4285BDD30000D3E37 /* Box.txt in Resources */,
				8582B3C4285BB787000D3E37 /* OnlySpaces.txt in Resources */,
			);
			runOnlyForDeploymentPostprocessing = 0;
		};
/* End PBXResourcesBuildPhase section */

/* Begin PBXSourcesBuildPhase section */
		8582B37D285B61E7000D3E37 /* Sources */ = {
			isa = PBXSourcesBuildPhase;
			buildActionMask = 2147483647;
			files = (
				85115E02285F4D4E003805C4 /* DataDisplay.swift in Sources */,
				85B8BE4C285E3A27006163FF /* UICanvasView.swift in Sources */,
				8582B389285B61E7000D3E37 /* ViewController.swift in Sources */,
				85B8BE4A285E311C006163FF /* StructScene.swift in Sources */,
				8582B3B5285B62DC000D3E37 /* ClassMap.swift in Sources */,
				8582B3E6285BE85D000D3E37 /* PrintMap.swift in Sources */,
				8582B385285B61E7000D3E37 /* AppDelegate.swift in Sources */,
				8582B387285B61E7000D3E37 /* SceneDelegate.swift in Sources */,
				8582B3EC285BEF5C000D3E37 /* CheckMap.swift in Sources */,
				85B8BE4E285F31B1006163FF /* GestureControl.swift in Sources */,
				8582B3B7285B654A000D3E37 /* ParseMap.swift in Sources */,
				85C761F1285D2E40001AF643 /* StructMatrix.swift in Sources */,
			);
			runOnlyForDeploymentPostprocessing = 0;
		};
		8582B393285B61E8000D3E37 /* Sources */ = {
			isa = PBXSourcesBuildPhase;
			buildActionMask = 2147483647;
			files = (
				8582B3BA285B6BA2000D3E37 /* ParseMapTests.swift in Sources */,
				85E80DC0285E06DC00A9FAAC /* StructMatrixTests.swift in Sources */,
				8582B39C285B61E8000D3E37 /* WireframeModelTests.swift in Sources */,
			);
			runOnlyForDeploymentPostprocessing = 0;
		};
		8582B39D285B61E8000D3E37 /* Sources */ = {
			isa = PBXSourcesBuildPhase;
			buildActionMask = 2147483647;
			files = (
				8582B3A6285B61E8000D3E37 /* WireframeModelUITests.swift in Sources */,
				8582B3A8285B61E8000D3E37 /* WireframeModelUITestsLaunchTests.swift in Sources */,
			);
			runOnlyForDeploymentPostprocessing = 0;
		};
/* End PBXSourcesBuildPhase section */

/* Begin PBXTargetDependency section */
		8582B399285B61E8000D3E37 /* PBXTargetDependency */ = {
			isa = PBXTargetDependency;
			target = 8582B380285B61E7000D3E37 /* WireframeModel */;
			targetProxy = 8582B398285B61E8000D3E37 /* PBXContainerItemProxy */;
		};
		8582B3A3285B61E8000D3E37 /* PBXTargetDependency */ = {
			isa = PBXTargetDependency;
			target = 8582B380285B61E7000D3E37 /* WireframeModel */;
			targetProxy = 8582B3A2285B61E8000D3E37 /* PBXContainerItemProxy */;
		};
/* End PBXTargetDependency section */

/* Begin PBXVariantGroup section */
		8582B38A285B61E7000D3E37 /* Main.storyboard */ = {
			isa = PBXVariantGroup;
			children = (
				8582B38B285B61E7000D3E37 /* Base */,
			);
			name = Main.storyboard;
			sourceTree = "<group>";
		};
		8582B38F285B61E7000D3E37 /* LaunchScreen.storyboard */ = {
			isa = PBXVariantGroup;
			children = (
				8582B390285B61E7000D3E37 /* Base */,
			);
			name = LaunchScreen.storyboard;
			sourceTree = "<group>";
		};
/* End PBXVariantGroup section */

/* Begin XCBuildConfiguration section */
		8582B3A9285B61E8000D3E37 /* Debug */ = {
			isa = XCBuildConfiguration;
			buildSettings = {
				ALWAYS_SEARCH_USER_PATHS = NO;
				CLANG_ANALYZER_NONNULL = YES;
				CLANG_ANALYZER_NUMBER_OBJECT_CONVERSION = YES_AGGRESSIVE;
				CLANG_CXX_LANGUAGE_STANDARD = "gnu++17";
				CLANG_ENABLE_MODULES = YES;
				CLANG_ENABLE_OBJC_ARC = YES;
				CLANG_ENABLE_OBJC_WEAK = YES;
				CLANG_WARN_BLOCK_CAPTURE_AUTORELEASING = YES;
				CLANG_WARN_BOOL_CONVERSION = YES;
				CLANG_WARN_COMMA = YES;
				CLANG_WARN_CONSTANT_CONVERSION = YES;
				CLANG_WARN_DEPRECATED_OBJC_IMPLEMENTATIONS = YES;
				CLANG_WARN_DIRECT_OBJC_ISA_USAGE = YES_ERROR;
				CLANG_WARN_DOCUMENTATION_COMMENTS = YES;
				CLANG_WARN_EMPTY_BODY = YES;
				CLANG_WARN_ENUM_CONVERSION = YES;
				CLANG_WARN_INFINITE_RECURSION = YES;
				CLANG_WARN_INT_CONVERSION = YES;
				CLANG_WARN_NON_LITERAL_NULL_CONVERSION = YES;
				CLANG_WARN_OBJC_IMPLICIT_RETAIN_SELF = YES;
				CLANG_WARN_OBJC_LITERAL_CONVERSION = YES;
				CLANG_WARN_OBJC_ROOT_CLASS = YES_ERROR;
				CLANG_WARN_QUOTED_INCLUDE_IN_FRAMEWORK_HEADER = YES;
				CLANG_WARN_RANGE_LOOP_ANALYSIS = YES;
				CLANG_WARN_STRICT_PROTOTYPES = YES;
				CLANG_WARN_SUSPICIOUS_MOVE = YES;
				CLANG_WARN_UNGUARDED_AVAILABILITY = YES_AGGRESSIVE;
				CLANG_WARN_UNREACHABLE_CODE = YES;
				CLANG_WARN__DUPLICATE_METHOD_MATCH = YES;
				COPY_PHASE_STRIP = NO;
				DEBUG_INFORMATION_FORMAT = dwarf;
				ENABLE_STRICT_OBJC_MSGSEND = YES;
				ENABLE_TESTABILITY = YES;
				GCC_C_LANGUAGE_STANDARD = gnu11;
				GCC_DYNAMIC_NO_PIC = NO;
				GCC_NO_COMMON_BLOCKS = YES;
				GCC_OPTIMIZATION_LEVEL = 0;
				GCC_PREPROCESSOR_DEFINITIONS = (
					"DEBUG=1",
					"$(inherited)",
				);
				GCC_WARN_64_TO_32_BIT_CONVERSION = YES;
				GCC_WARN_ABOUT_RETURN_TYPE = YES_ERROR;
				GCC_WARN_UNDECLARED_SELECTOR = YES;
				GCC_WARN_UNINITIALIZED_AUTOS = YES_AGGRESSIVE;
				GCC_WARN_UNUSED_FUNCTION = YES;
				GCC_WARN_UNUSED_VARIABLE = YES;
				IPHONEOS_DEPLOYMENT_TARGET = 15.4;
				MTL_ENABLE_DEBUG_INFO = INCLUDE_SOURCE;
				MTL_FAST_MATH = YES;
				ONLY_ACTIVE_ARCH = YES;
				SDKROOT = iphoneos;
				SWIFT_ACTIVE_COMPILATION_CONDITIONS = DEBUG;
				SWIFT_OPTIMIZATION_LEVEL = "-Onone";
			};
			name = Debug;
		};
		8582B3AA285B61E8000D3E37 /* Release */ = {
			isa = XCBuildConfiguration;
			buildSettings = {
				ALWAYS_SEARCH_USER_PATHS = NO;
				CLANG_ANALYZER_NONNULL = YES;
				CLANG_ANALYZER_NUMBER_OBJECT_CONVERSION = YES_AGGRESSIVE;
				CLANG_CXX_LANGUAGE_STANDARD = "gnu++17";
				CLANG_ENABLE_MODULES = YES;
				CLANG_ENABLE_OBJC_ARC = YES;
				CLANG_ENABLE_OBJC_WEAK = YES;
				CLANG_WARN_BLOCK_CAPTURE_AUTORELEASING = YES;
				CLANG_WARN_BOOL_CONVERSION = YES;
				CLANG_WARN_COMMA = YES;
				CLANG_WARN_CONSTANT_CONVERSION = YES;
				CLANG_WARN_DEPRECATED_OBJC_IMPLEMENTATIONS = YES;
				CLANG_WARN_DIRECT_OBJC_ISA_USAGE = YES_ERROR;
				CLANG_WARN_DOCUMENTATION_COMMENTS = YES;
				CLANG_WARN_EMPTY_BODY = YES;
				CLANG_WARN_ENUM_CONVERSION = YES;
				CLANG_WARN_INFINITE_RECURSION = YES;
				CLANG_WARN_INT_CONVERSION = YES;
				CLANG_WARN_NON_LITERAL_NULL_CONVERSION = YES;
				CLANG_WARN_OBJC_IMPLICIT_RETAIN_SELF = YES;
				CLANG_WARN_OBJC_LITERAL_CONVERSION = YES;
				CLANG_WARN_OBJC_ROOT_CLASS = YES_ERROR;
				CLANG_WARN_QUOTED_INCLUDE_IN_FRAMEWORK_HEADER = YES;
				CLANG_WARN_RANGE_LOOP_ANALYSIS = YES;
				CLANG_WARN_STRICT_PROTOTYPES = YES;
				CLANG_WARN_SUSPICIOUS_MOVE = YES;
				CLANG_WARN_UNGUARDED_AVAILABILITY = YES_AGGRESSIVE;
				CLANG_WARN_UNREACHABLE_CODE = YES;
				CLANG_WARN__DUPLICATE_METHOD_MATCH = YES;
				COPY_PHASE_STRIP = NO;
				DEBUG_INFORMATION_FORMAT = "dwarf-with-dsym";
				ENABLE_NS_ASSERTIONS = NO;
				ENABLE_STRICT_OBJC_MSGSEND = YES;
				GCC_C_LANGUAGE_STANDARD = gnu11;
				GCC_NO_COMMON_BLOCKS = YES;
				GCC_WARN_64_TO_32_BIT_CONVERSION = YES;
				GCC_WARN_ABOUT_RETURN_TYPE = YES_ERROR;
				GCC_WARN_UNDECLARED_SELECTOR = YES;
				GCC_WARN_UNINITIALIZED_AUTOS = YES_AGGRESSIVE;
				GCC_WARN_UNUSED_FUNCTION = YES;
				GCC_WARN_UNUSED_VARIABLE = YES;
				IPHONEOS_DEPLOYMENT_TARGET = 15.4;
				MTL_ENABLE_DEBUG_INFO = NO;
				MTL_FAST_MATH = YES;
				SDKROOT = iphoneos;
				SWIFT_COMPILATION_MODE = wholemodule;
				SWIFT_OPTIMIZATION_LEVEL = "-O";
				VALIDATE_PRODUCT = YES;
			};
			name = Release;
		};
		8582B3AC285B61E8000D3E37 /* Debug */ = {
			isa = XCBuildConfiguration;
			buildSettings = {
				ASSETCATALOG_COMPILER_APPICON_NAME = AppIcon;
				ASSETCATALOG_COMPILER_GLOBAL_ACCENT_COLOR_NAME = AccentColor;
				CODE_SIGN_STYLE = Automatic;
				CURRENT_PROJECT_VERSION = 1;
				DEVELOPMENT_TEAM = RQDWVF4978;
				GENERATE_INFOPLIST_FILE = YES;
				INFOPLIST_FILE = WireframeModel/Info.plist;
				INFOPLIST_KEY_UIApplicationSupportsIndirectInputEvents = YES;
				INFOPLIST_KEY_UILaunchStoryboardName = LaunchScreen;
				INFOPLIST_KEY_UIMainStoryboardFile = Main;
				INFOPLIST_KEY_UISupportedInterfaceOrientations_iPad = "UIInterfaceOrientationPortrait UIInterfaceOrientationPortraitUpsideDown UIInterfaceOrientationLandscapeLeft UIInterfaceOrientationLandscapeRight";
				INFOPLIST_KEY_UISupportedInterfaceOrientations_iPhone = "UIInterfaceOrientationPortrait UIInterfaceOrientationLandscapeLeft UIInterfaceOrientationLandscapeRight";
				IPHONEOS_DEPLOYMENT_TARGET = 15.0;
				LD_RUNPATH_SEARCH_PATHS = (
					"$(inherited)",
					"@executable_path/Frameworks",
				);
				MARKETING_VERSION = 1.0;
				PRODUCT_BUNDLE_IDENTIFIER = ivnvtosh.WireframeModel;
				PRODUCT_NAME = "$(TARGET_NAME)";
				SWIFT_EMIT_LOC_STRINGS = YES;
				SWIFT_VERSION = 5.0;
				TARGETED_DEVICE_FAMILY = "1,2";
			};
			name = Debug;
		};
		8582B3AD285B61E8000D3E37 /* Release */ = {
			isa = XCBuildConfiguration;
			buildSettings = {
				ASSETCATALOG_COMPILER_APPICON_NAME = AppIcon;
				ASSETCATALOG_COMPILER_GLOBAL_ACCENT_COLOR_NAME = AccentColor;
				CODE_SIGN_STYLE = Automatic;
				CURRENT_PROJECT_VERSION = 1;
				DEVELOPMENT_TEAM = RQDWVF4978;
				GENERATE_INFOPLIST_FILE = YES;
				INFOPLIST_FILE = WireframeModel/Info.plist;
				INFOPLIST_KEY_UIApplicationSupportsIndirectInputEvents = YES;
				INFOPLIST_KEY_UILaunchStoryboardName = LaunchScreen;
				INFOPLIST_KEY_UIMainStoryboardFile = Main;
				INFOPLIST_KEY_UISupportedInterfaceOrientations_iPad = "UIInterfaceOrientationPortrait UIInterfaceOrientationPortraitUpsideDown UIInterfaceOrientationLandscapeLeft UIInterfaceOrientationLandscapeRight";
				INFOPLIST_KEY_UISupportedInterfaceOrientations_iPhone = "UIInterfaceOrientationPortrait UIInterfaceOrientationLandscapeLeft UIInterfaceOrientationLandscapeRight";
				IPHONEOS_DEPLOYMENT_TARGET = 15.0;
				LD_RUNPATH_SEARCH_PATHS = (
					"$(inherited)",
					"@executable_path/Frameworks",
				);
				MARKETING_VERSION = 1.0;
				PRODUCT_BUNDLE_IDENTIFIER = ivnvtosh.WireframeModel;
				PRODUCT_NAME = "$(TARGET_NAME)";
				SWIFT_EMIT_LOC_STRINGS = YES;
				SWIFT_VERSION = 5.0;
				TARGETED_DEVICE_FAMILY = "1,2";
			};
			name = Release;
		};
		8582B3AF285B61E8000D3E37 /* Debug */ = {
			isa = XCBuildConfiguration;
			buildSettings = {
				ALWAYS_EMBED_SWIFT_STANDARD_LIBRARIES = YES;
				BUNDLE_LOADER = "$(TEST_HOST)";
				CODE_SIGN_STYLE = Automatic;
				CURRENT_PROJECT_VERSION = 1;
				DEVELOPMENT_TEAM = RQDWVF4978;
				GENERATE_INFOPLIST_FILE = YES;
				IPHONEOS_DEPLOYMENT_TARGET = 15.4;
				MARKETING_VERSION = 1.0;
				PRODUCT_BUNDLE_IDENTIFIER = ivnvtosh.WireframeModelTests;
				PRODUCT_NAME = "$(TARGET_NAME)";
				SWIFT_EMIT_LOC_STRINGS = NO;
				SWIFT_VERSION = 5.0;
				TARGETED_DEVICE_FAMILY = "1,2";
				TEST_HOST = "$(BUILT_PRODUCTS_DIR)/WireframeModel.app/WireframeModel";
			};
			name = Debug;
		};
		8582B3B0285B61E8000D3E37 /* Release */ = {
			isa = XCBuildConfiguration;
			buildSettings = {
				ALWAYS_EMBED_SWIFT_STANDARD_LIBRARIES = YES;
				BUNDLE_LOADER = "$(TEST_HOST)";
				CODE_SIGN_STYLE = Automatic;
				CURRENT_PROJECT_VERSION = 1;
				DEVELOPMENT_TEAM = RQDWVF4978;
				GENERATE_INFOPLIST_FILE = YES;
				IPHONEOS_DEPLOYMENT_TARGET = 15.4;
				MARKETING_VERSION = 1.0;
				PRODUCT_BUNDLE_IDENTIFIER = ivnvtosh.WireframeModelTests;
				PRODUCT_NAME = "$(TARGET_NAME)";
				SWIFT_EMIT_LOC_STRINGS = NO;
				SWIFT_VERSION = 5.0;
				TARGETED_DEVICE_FAMILY = "1,2";
				TEST_HOST = "$(BUILT_PRODUCTS_DIR)/WireframeModel.app/WireframeModel";
			};
			name = Release;
		};
		8582B3B2285B61E8000D3E37 /* Debug */ = {
			isa = XCBuildConfiguration;
			buildSettings = {
				ALWAYS_EMBED_SWIFT_STANDARD_LIBRARIES = YES;
				CODE_SIGN_STYLE = Automatic;
				CURRENT_PROJECT_VERSION = 1;
				DEVELOPMENT_TEAM = RQDWVF4978;
				GENERATE_INFOPLIST_FILE = YES;
				MARKETING_VERSION = 1.0;
				PRODUCT_BUNDLE_IDENTIFIER = ivnvtosh.WireframeModelUITests;
				PRODUCT_NAME = "$(TARGET_NAME)";
				SWIFT_EMIT_LOC_STRINGS = NO;
				SWIFT_VERSION = 5.0;
				TARGETED_DEVICE_FAMILY = "1,2";
				TEST_TARGET_NAME = WireframeModel;
			};
			name = Debug;
		};
		8582B3B3285B61E8000D3E37 /* Release */ = {
			isa = XCBuildConfiguration;
			buildSettings = {
				ALWAYS_EMBED_SWIFT_STANDARD_LIBRARIES = YES;
				CODE_SIGN_STYLE = Automatic;
				CURRENT_PROJECT_VERSION = 1;
				DEVELOPMENT_TEAM = RQDWVF4978;
				GENERATE_INFOPLIST_FILE = YES;
				MARKETING_VERSION = 1.0;
				PRODUCT_BUNDLE_IDENTIFIER = ivnvtosh.WireframeModelUITests;
				PRODUCT_NAME = "$(TARGET_NAME)";
				SWIFT_EMIT_LOC_STRINGS = NO;
				SWIFT_VERSION = 5.0;
				TARGETED_DEVICE_FAMILY = "1,2";
				TEST_TARGET_NAME = WireframeModel;
			};
			name = Release;
		};
/* End XCBuildConfiguration section */

/* Begin XCConfigurationList section */
		8582B37C285B61E7000D3E37 /* Build configuration list for PBXProject "WireframeModel" */ = {
			isa = XCConfigurationList;
			buildConfigurations = (
				8582B3A9285B61E8000D3E37 /* Debug */,
				8582B3AA285B61E8000D3E37 /* Release */,
			);
			defaultConfigurationIsVisible = 0;
			defaultConfigurationName = Release;
		};
		8582B3AB285B61E8000D3E37 /* Build configuration list for PBXNativeTarget "WireframeModel" */ = {
			isa = XCConfigurationList;
			buildConfigurations = (
				8582B3AC285B61E8000D3E37 /* Debug */,
				8582B3AD285B61E8000D3E37 /* Release */,
			);
			defaultConfigurationIsVisible = 0;
			defaultConfigurationName = Release;
		};
		8582B3AE285B61E8000D3E37 /* Build configuration list for PBXNativeTarget "WireframeModelTests" */ = {
			isa = XCConfigurationList;
			buildConfigurations = (
				8582B3AF285B61E8000D3E37 /* Debug */,
				8582B3B0285B61E8000D3E37 /* Release */,
			);
			defaultConfigurationIsVisible = 0;
			defaultConfigurationName = Release;
		};
		8582B3B1285B61E8000D3E37 /* Build configuration list for PBXNativeTarget "WireframeModelUITests" */ = {
			isa = XCConfigurationList;
			buildConfigurations = (
				8582B3B2285B61E8000D3E37 /* Debug */,
				8582B3B3285B61E8000D3E37 /* Release */,
			);
			defaultConfigurationIsVisible = 0;
			defaultConfigurationName = Release;
		};
/* End XCConfigurationList section */
	};
	rootObject = 8582B379285B61E7000D3E37 /* Project object */;
}
